
Microsoft Visual Studio Solution File, Format Version 12.00
# Visual Studio Version 17
VisualStudioVersion = 17.8.34322.80
MinimumVisualStudioVersion = 10.0.40219.1
Project("{FAE04EC0-301F-11D3-BF4B-00C04F79EFBC}") = "RFID", "RFID\RFID.csproj", "{AA9B3B6F-E4F6-43F4-853D-C92254E42804}"
EndProject
Global
	GlobalSection(SolutionConfigurationPlatforms) = preSolution
		Debug|Any CPU = Debug|Any CPU
		Release|Any CPU = Release|Any CPU
	EndGlobalSection
	GlobalSection(ProjectConfigurationPlatforms) = postSolution
		{AA9B3B6F-E4F6-43F4-853D-C92254E42804}.Debug|Any CPU.ActiveCfg = Debug|Any CPU
		{AA9B3B6F-E4F6-43F4-853D-C92254E42804}.Debug|Any CPU.Build.0 = Debug|Any CPU
		{AA9B3B6F-E4F6-43F4-853D-C92254E42804}.Release|Any CPU.ActiveCfg = Release|Any CPU
		{AA9B3B6F-E4F6-43F4-853D-C92254E42804}.Release|Any CPU.Build.0 = Release|Any CPU
	EndGlobalSection
	GlobalSection(SolutionProperties) = preSolution
		HideSolutionNode = FALSE
	EndGlobalSection
	GlobalSection(ExtensibilityGlobals) = postSolution
		SolutionGuid = {A98F00C6-1021-403B-878F-6418873FBFC0}
	EndGlobalSection
EndGlobal
